
Microsoft Visual Studio Solution File, Format Version 12.00
# Visual Studio Version 17
VisualStudioVersion = 17.1.32421.90
MinimumVisualStudioVersion = 10.0.40219.1
Project("{9A19103F-16F7-4668-BE54-9A1E7A4F7556}") = "JDGuardian", "JDGuardian\JDGuardian.csproj", "{DB91F746-C032-4810-870E-6C45E47A67A4}"
EndProject
Global
	GlobalSection(SolutionConfigurationPlatforms) = preSolution
		Debug|Any CPU = Debug|Any CPU
		Release|Any CPU = Release|Any CPU
	EndGlobalSection
	GlobalSection(ProjectConfigurationPlatforms) = postSolution
		{DB91F746-C032-4810-870E-6C45E47A67A4}.Debug|Any CPU.ActiveCfg = Debug|Any CPU
		{DB91F746-C032-4810-870E-6C45E47A67A4}.Debug|Any CPU.Build.0 = Debug|Any CPU
		{DB91F746-C032-4810-870E-6C45E47A67A4}.Release|Any CPU.ActiveCfg = Release|Any CPU
		{DB91F746-C032-4810-870E-6C45E47A67A4}.Release|Any CPU.Build.0 = Release|Any CPU
	EndGlobalSection
	GlobalSection(SolutionProperties) = preSolution
		HideSolutionNode = FALSE
	EndGlobalSection
	GlobalSection(ExtensibilityGlobals) = postSolution
		SolutionGuid = {C51CE2D6-F191-4508-A6F4-3352D460B6A8}
	EndGlobalSection
EndGlobal
